
Microsoft Visual Studio Solution File, Format Version 12.00
# Visual Studio Version 16
VisualStudioVersion = 16.0.31605.320
MinimumVisualStudioVersion = 10.0.40219.1
Project("{FAE04EC0-301F-11D3-BF4B-00C04F79EFBC}") = "CKK.Logic", "CKK.Logic\CKK.Logic.csproj", "{42F09F19-9D89-4E71-86A2-40D48F30F420}"
EndProject
Global
	GlobalSection(SolutionConfigurationPlatforms) = preSolution
		Debug|Any CPU = Debug|Any CPU
		Release|Any CPU = Release|Any CPU
	EndGlobalSection
	GlobalSection(ProjectConfigurationPlatforms) = postSolution
		{42F09F19-9D89-4E71-86A2-40D48F30F420}.Debug|Any CPU.ActiveCfg = Debug|Any CPU
		{42F09F19-9D89-4E71-86A2-40D48F30F420}.Debug|Any CPU.Build.0 = Debug|Any CPU
		{42F09F19-9D89-4E71-86A2-40D48F30F420}.Release|Any CPU.ActiveCfg = Release|Any CPU
		{42F09F19-9D89-4E71-86A2-40D48F30F420}.Release|Any CPU.Build.0 = Release|Any CPU
	EndGlobalSection
	GlobalSection(SolutionProperties) = preSolution
		HideSolutionNode = FALSE
	EndGlobalSection
	GlobalSection(ExtensibilityGlobals) = postSolution
		SolutionGuid = {FA23C6E0-9E4F-4681-B1FA-7921BA633518}
	EndGlobalSection
EndGlobal
